
Microsoft Visual Studio Solution File, Format Version 12.00
# Visual Studio Version 17
VisualStudioVersion = 17.9.34728.123
MinimumVisualStudioVersion = 10.0.40219.1
Project("{FAE04EC0-301F-11D3-BF4B-00C04F79EFBC}") = "CarritoComprasMVC", "CarritoComprasMVC\CarritoComprasMVC.csproj", "{D4B17291-AE3C-4A52-9B8E-BAA387B80805}"
EndProject
Project("{FAE04EC0-301F-11D3-BF4B-00C04F79EFBC}") = "AdaApi", "AdaApi\AdaApi.csproj", "{2865E4D9-2F56-4999-BF49-598ED30BBAED}"
EndProject
Global
	GlobalSection(SolutionConfigurationPlatforms) = preSolution
		Debug|Any CPU = Debug|Any CPU
		Release|Any CPU = Release|Any CPU
	EndGlobalSection
	GlobalSection(ProjectConfigurationPlatforms) = postSolution
		{D4B17291-AE3C-4A52-9B8E-BAA387B80805}.Debug|Any CPU.ActiveCfg = Debug|Any CPU
		{D4B17291-AE3C-4A52-9B8E-BAA387B80805}.Debug|Any CPU.Build.0 = Debug|Any CPU
		{D4B17291-AE3C-4A52-9B8E-BAA387B80805}.Release|Any CPU.ActiveCfg = Release|Any CPU
		{D4B17291-AE3C-4A52-9B8E-BAA387B80805}.Release|Any CPU.Build.0 = Release|Any CPU
		{2865E4D9-2F56-4999-BF49-598ED30BBAED}.Debug|Any CPU.ActiveCfg = Debug|Any CPU
		{2865E4D9-2F56-4999-BF49-598ED30BBAED}.Debug|Any CPU.Build.0 = Debug|Any CPU
		{2865E4D9-2F56-4999-BF49-598ED30BBAED}.Release|Any CPU.ActiveCfg = Release|Any CPU
		{2865E4D9-2F56-4999-BF49-598ED30BBAED}.Release|Any CPU.Build.0 = Release|Any CPU
	EndGlobalSection
	GlobalSection(SolutionProperties) = preSolution
		HideSolutionNode = FALSE
	EndGlobalSection
	GlobalSection(ExtensibilityGlobals) = postSolution
		SolutionGuid = {3B2DD689-C4A1-4615-85AC-CD2A1EEB2515}
	EndGlobalSection
EndGlobal
